// !$*UTF8*$!
{
	archiveVersion = 1;
	classes = {
	};
	objectVersion = 50;
	objects = {

/* Begin PBXBuildFile section */
		60CB173779E1BAB830CBC815 /* Pods_Notastic.framework in Frameworks */ = {isa = PBXBuildFile; fileRef = 476A86E8860BA2812D3494B1 /* Pods_Notastic.framework */; };
		6400582221B43129009CF59E /* AppDelegate.swift in Sources */ = {isa = PBXBuildFile; fileRef = 6400582121B43129009CF59E /* AppDelegate.swift */; };
		6400582721B43129009CF59E /* Main.storyboard in Resources */ = {isa = PBXBuildFile; fileRef = 6400582521B43129009CF59E /* Main.storyboard */; };
		6400582A21B43129009CF59E /* Notastic.xcdatamodeld in Sources */ = {isa = PBXBuildFile; fileRef = 6400582821B43129009CF59E /* Notastic.xcdatamodeld */; };
		6400582C21B4312A009CF59E /* Assets.xcassets in Resources */ = {isa = PBXBuildFile; fileRef = 6400582B21B4312A009CF59E /* Assets.xcassets */; };
		6400582F21B4312A009CF59E /* LaunchScreen.storyboard in Resources */ = {isa = PBXBuildFile; fileRef = 6400582D21B4312A009CF59E /* LaunchScreen.storyboard */; };
		644312EF21B6294F00A54E89 /* NoteViewController.swift in Sources */ = {isa = PBXBuildFile; fileRef = 644312EE21B6294F00A54E89 /* NoteViewController.swift */; };
		6468786321B4329A0067B26B /* NotesTableViewController.swift in Sources */ = {isa = PBXBuildFile; fileRef = 6468786221B4329A0067B26B /* NotesTableViewController.swift */; };
		64F1D57E21BC459000ABB542 /* Note.swift in Sources */ = {isa = PBXBuildFile; fileRef = 64F1D57D21BC459000ABB542 /* Note.swift */; };
/* End PBXBuildFile section */

/* Begin PBXFileReference section */
		2C7E1D4B375F40D363DA84FB /* Pods-Notastic.release.xcconfig */ = {isa = PBXFileReference; includeInIndex = 1; lastKnownFileType = text.xcconfig; name = "Pods-Notastic.release.xcconfig"; path = "Pods/Target Support Files/Pods-Notastic/Pods-Notastic.release.xcconfig"; sourceTree = "<group>"; };
		476A86E8860BA2812D3494B1 /* Pods_Notastic.framework */ = {isa = PBXFileReference; explicitFileType = wrapper.framework; includeInIndex = 0; path = Pods_Notastic.framework; sourceTree = BUILT_PRODUCTS_DIR; };
		485469D5B7639B1339269B24 /* Pods-Notastic.debug.xcconfig */ = {isa = PBXFileReference; includeInIndex = 1; lastKnownFileType = text.xcconfig; name = "Pods-Notastic.debug.xcconfig"; path = "Pods/Target Support Files/Pods-Notastic/Pods-Notastic.debug.xcconfig"; sourceTree = "<group>"; };
		6400581E21B43129009CF59E /* Notastic.app */ = {isa = PBXFileReference; explicitFileType = wrapper.application; includeInIndex = 0; path = Notastic.app; sourceTree = BUILT_PRODUCTS_DIR; };
		6400582121B43129009CF59E /* AppDelegate.swift */ = {isa = PBXFileReference; lastKnownFileType = sourcecode.swift; path = AppDelegate.swift; sourceTree = "<group>"; };
		6400582621B43129009CF59E /* Base */ = {isa = PBXFileReference; lastKnownFileType = file.storyboard; name = Base; path = Base.lproj/Main.storyboard; sourceTree = "<group>"; };
		6400582921B43129009CF59E /* Notastic.xcdatamodel */ = {isa = PBXFileReference; lastKnownFileType = wrapper.xcdatamodel; path = Notastic.xcdatamodel; sourceTree = "<group>"; };
		6400582B21B4312A009CF59E /* Assets.xcassets */ = {isa = PBXFileReference; lastKnownFileType = folder.assetcatalog; path = Assets.xcassets; sourceTree = "<group>"; };
		6400582E21B4312A009CF59E /* Base */ = {isa = PBXFileReference; lastKnownFileType = file.storyboard; name = Base; path = Base.lproj/LaunchScreen.storyboard; sourceTree = "<group>"; };
		6400583021B4312A009CF59E /* Info.plist */ = {isa = PBXFileReference; lastKnownFileType = text.plist.xml; path = Info.plist; sourceTree = "<group>"; };
		644312EE21B6294F00A54E89 /* NoteViewController.swift */ = {isa = PBXFileReference; lastKnownFileType = sourcecode.swift; path = NoteViewController.swift; sourceTree = "<group>"; };
		6468786221B4329A0067B26B /* NotesTableViewController.swift */ = {isa = PBXFileReference; lastKnownFileType = sourcecode.swift; path = NotesTableViewController.swift; sourceTree = "<group>"; };
		64F1D57D21BC459000ABB542 /* Note.swift */ = {isa = PBXFileReference; lastKnownFileType = sourcecode.swift; path = Note.swift; sourceTree = "<group>"; };
/* End PBXFileReference section */

/* Begin PBXFrameworksBuildPhase section */
		6400581B21B43129009CF59E /* Frameworks */ = {
			isa = PBXFrameworksBuildPhase;
			buildActionMask = 2147483647;
			files = (
				60CB173779E1BAB830CBC815 /* Pods_Notastic.framework in Frameworks */,
			);
			runOnlyForDeploymentPostprocessing = 0;
		};
/* End PBXFrameworksBuildPhase section */

/* Begin PBXGroup section */
		191630E6C07C660074933351 /* Pods */ = {
			isa = PBXGroup;
			children = (
				485469D5B7639B1339269B24 /* Pods-Notastic.debug.xcconfig */,
				2C7E1D4B375F40D363DA84FB /* Pods-Notastic.release.xcconfig */,
			);
			name = Pods;
			sourceTree = "<group>";
		};
		6400581521B43129009CF59E = {
			isa = PBXGroup;
			children = (
				6400582021B43129009CF59E /* Notastic */,
				6400581F21B43129009CF59E /* Products */,
				191630E6C07C660074933351 /* Pods */,
				EF5AE39639EF2F9339B662BE /* Frameworks */,
			);
			sourceTree = "<group>";
		};
		6400581F21B43129009CF59E /* Products */ = {
			isa = PBXGroup;
			children = (
				6400581E21B43129009CF59E /* Notastic.app */,
			);
			name = Products;
			sourceTree = "<group>";
		};
		6400582021B43129009CF59E /* Notastic */ = {
			isa = PBXGroup;
			children = (
				6468785D21B431A10067B26B /* Model */,
				6468785F21B431BE0067B26B /* Controller */,
				6468785E21B431AE0067B26B /* View */,
				6468786121B431FF0067B26B /* Supporting Files */,
				6400583021B4312A009CF59E /* Info.plist */,
			);
			path = Notastic;
			sourceTree = "<group>";
		};
		6468785D21B431A10067B26B /* Model */ = {
			isa = PBXGroup;
			children = (
				64F1D57D21BC459000ABB542 /* Note.swift */,
			);
			path = Model;
			sourceTree = "<group>";
		};
		6468785E21B431AE0067B26B /* View */ = {
			isa = PBXGroup;
			children = (
				6400582521B43129009CF59E /* Main.storyboard */,
			);
			path = View;
			sourceTree = "<group>";
		};
		6468785F21B431BE0067B26B /* Controller */ = {
			isa = PBXGroup;
			children = (
				6400582121B43129009CF59E /* AppDelegate.swift */,
				6468786221B4329A0067B26B /* NotesTableViewController.swift */,
				644312EE21B6294F00A54E89 /* NoteViewController.swift */,
			);
			path = Controller;
			sourceTree = "<group>";
		};
		6468786121B431FF0067B26B /* Supporting Files */ = {
			isa = PBXGroup;
			children = (
				6400582D21B4312A009CF59E /* LaunchScreen.storyboard */,
				6400582821B43129009CF59E /* Notastic.xcdatamodeld */,
				6400582B21B4312A009CF59E /* Assets.xcassets */,
			);
			path = "Supporting Files";
			sourceTree = "<group>";
		};
		EF5AE39639EF2F9339B662BE /* Frameworks */ = {
			isa = PBXGroup;
			children = (
				476A86E8860BA2812D3494B1 /* Pods_Notastic.framework */,
			);
			name = Frameworks;
			sourceTree = "<group>";
		};
/* End PBXGroup section */

/* Begin PBXNativeTarget section */
		6400581D21B43129009CF59E /* Notastic */ = {
			isa = PBXNativeTarget;
			buildConfigurationList = 6400583321B4312A009CF59E /* Build configuration list for PBXNativeTarget "Notastic" */;
			buildPhases = (
				076C921F3425C9D1380DC80C /* [CP] Check Pods Manifest.lock */,
				6400581A21B43129009CF59E /* Sources */,
				6400581B21B43129009CF59E /* Frameworks */,
				6400581C21B43129009CF59E /* Resources */,
				DC37439727F2E10556010019 /* [CP] Embed Pods Frameworks */,
			);
			buildRules = (
			);
			dependencies = (
			);
			name = Notastic;
			productName = Notastic;
			productReference = 6400581E21B43129009CF59E /* Notastic.app */;
			productType = "com.apple.product-type.application";
		};
/* End PBXNativeTarget section */

/* Begin PBXProject section */
		6400581621B43129009CF59E /* Project object */ = {
			isa = PBXProject;
			attributes = {
				LastSwiftUpdateCheck = 1010;
				LastUpgradeCheck = 1010;
				ORGANIZATIONNAME = "Bryce Poole";
				TargetAttributes = {
					6400581D21B43129009CF59E = {
						CreatedOnToolsVersion = 10.1;
					};
				};
			};
			buildConfigurationList = 6400581921B43129009CF59E /* Build configuration list for PBXProject "Notastic" */;
			compatibilityVersion = "Xcode 9.3";
			developmentRegion = en;
			hasScannedForEncodings = 0;
			knownRegions = (
				en,
				Base,
			);
			mainGroup = 6400581521B43129009CF59E;
			productRefGroup = 6400581F21B43129009CF59E /* Products */;
			projectDirPath = "";
			projectRoot = "";
			targets = (
				6400581D21B43129009CF59E /* Notastic */,
			);
		};
/* End PBXProject section */

/* Begin PBXResourcesBuildPhase section */
		6400581C21B43129009CF59E /* Resources */ = {
			isa = PBXResourcesBuildPhase;
			buildActionMask = 2147483647;
			files = (
				6400582F21B4312A009CF59E /* LaunchScreen.storyboard in Resources */,
				6400582C21B4312A009CF59E /* Assets.xcassets in Resources */,
				6400582721B43129009CF59E /* Main.storyboard in Resources */,
			);
			runOnlyForDeploymentPostprocessing = 0;
		};
/* End PBXResourcesBuildPhase section */

/* Begin PBXShellScriptBuildPhase section */
		076C921F3425C9D1380DC80C /* [CP] Check Pods Manifest.lock */ = {
			isa = PBXShellScriptBuildPhase;
			buildActionMask = 2147483647;
			files = (
			);
			inputFileListPaths = (
			);
			inputPaths = (
				"${PODS_PODFILE_DIR_PATH}/Podfile.lock",
				"${PODS_ROOT}/Manifest.lock",
			);
			name = "[CP] Check Pods Manifest.lock";
			outputFileListPaths = (
			);
			outputPaths = (
				"$(DERIVED_FILE_DIR)/Pods-Notastic-checkManifestLockResult.txt",
			);
			runOnlyForDeploymentPostprocessing = 0;
			shellPath = /bin/sh;
			shellScript = "diff \"${PODS_PODFILE_DIR_PATH}/Podfile.lock\" \"${PODS_ROOT}/Manifest.lock\" > /dev/null\nif [ $? != 0 ] ; then\n    # print error to STDERR\n    echo \"error: The sandbox is not in sync with the Podfile.lock. Run 'pod install' or update your CocoaPods installation.\" >&2\n    exit 1\nfi\n# This output is used by Xcode 'outputs' to avoid re-running this script phase.\necho \"SUCCESS\" > \"${SCRIPT_OUTPUT_FILE_0}\"\n";
			showEnvVarsInLog = 0;
		};
		DC37439727F2E10556010019 /* [CP] Embed Pods Frameworks */ = {
			isa = PBXShellScriptBuildPhase;
			buildActionMask = 2147483647;
			files = (
			);
			inputFileListPaths = (
			);
			inputPaths = (
				"${SRCROOT}/Pods/Target Support Files/Pods-Notastic/Pods-Notastic-frameworks.sh",
				"${BUILT_PRODUCTS_DIR}/Realm/Realm.framework",
				"${BUILT_PRODUCTS_DIR}/RealmSwift/RealmSwift.framework",
			);
			name = "[CP] Embed Pods Frameworks";
			outputFileListPaths = (
			);
			outputPaths = (
				"${TARGET_BUILD_DIR}/${FRAMEWORKS_FOLDER_PATH}/Realm.framework",
				"${TARGET_BUILD_DIR}/${FRAMEWORKS_FOLDER_PATH}/RealmSwift.framework",
			);
			runOnlyForDeploymentPostprocessing = 0;
			shellPath = /bin/sh;
			shellScript = "\"${SRCROOT}/Pods/Target Support Files/Pods-Notastic/Pods-Notastic-frameworks.sh\"\n";
			showEnvVarsInLog = 0;
		};
/* End PBXShellScriptBuildPhase section */

/* Begin PBXSourcesBuildPhase section */
		6400581A21B43129009CF59E /* Sources */ = {
			isa = PBXSourcesBuildPhase;
			buildActionMask = 2147483647;
			files = (
				6400582A21B43129009CF59E /* Notastic.xcdatamodeld in Sources */,
				6400582221B43129009CF59E /* AppDelegate.swift in Sources */,
				644312EF21B6294F00A54E89 /* NoteViewController.swift in Sources */,
				6468786321B4329A0067B26B /* NotesTableViewController.swift in Sources */,
				64F1D57E21BC459000ABB542 /* Note.swift in Sources */,
			);
			runOnlyForDeploymentPostprocessing = 0;
		};
/* End PBXSourcesBuildPhase section */

/* Begin PBXVariantGroup section */
		6400582521B43129009CF59E /* Main.storyboard */ = {
			isa = PBXVariantGroup;
			children = (
				6400582621B43129009CF59E /* Base */,
			);
			name = Main.storyboard;
			sourceTree = "<group>";
		};
		6400582D21B4312A009CF59E /* LaunchScreen.storyboard */ = {
			isa = PBXVariantGroup;
			children = (
				6400582E21B4312A009CF59E /* Base */,
			);
			name = LaunchScreen.storyboard;
			sourceTree = "<group>";
		};
/* End PBXVariantGroup section */

/* Begin XCBuildConfiguration section */
		6400583121B4312A009CF59E /* Debug */ = {
			isa = XCBuildConfiguration;
			buildSettings = {
				ALWAYS_SEARCH_USER_PATHS = NO;
				CLANG_ANALYZER_NONNULL = YES;
				CLANG_ANALYZER_NUMBER_OBJECT_CONVERSION = YES_AGGRESSIVE;
				CLANG_CXX_LANGUAGE_STANDARD = "gnu++14";
				CLANG_CXX_LIBRARY = "libc++";
				CLANG_ENABLE_MODULES = YES;
				CLANG_ENABLE_OBJC_ARC = YES;
				CLANG_ENABLE_OBJC_WEAK = YES;
				CLANG_WARN_BLOCK_CAPTURE_AUTORELEASING = YES;
				CLANG_WARN_BOOL_CONVERSION = YES;
				CLANG_WARN_COMMA = YES;
				CLANG_WARN_CONSTANT_CONVERSION = YES;
				CLANG_WARN_DEPRECATED_OBJC_IMPLEMENTATIONS = YES;
				CLANG_WARN_DIRECT_OBJC_ISA_USAGE = YES_ERROR;
				CLANG_WARN_DOCUMENTATION_COMMENTS = YES;
				CLANG_WARN_EMPTY_BODY = YES;
				CLANG_WARN_ENUM_CONVERSION = YES;
				CLANG_WARN_INFINITE_RECURSION = YES;
				CLANG_WARN_INT_CONVERSION = YES;
				CLANG_WARN_NON_LITERAL_NULL_CONVERSION = YES;
				CLANG_WARN_OBJC_IMPLICIT_RETAIN_SELF = YES;
				CLANG_WARN_OBJC_LITERAL_CONVERSION = YES;
				CLANG_WARN_OBJC_ROOT_CLASS = YES_ERROR;
				CLANG_WARN_RANGE_LOOP_ANALYSIS = YES;
				CLANG_WARN_STRICT_PROTOTYPES = YES;
				CLANG_WARN_SUSPICIOUS_MOVE = YES;
				CLANG_WARN_UNGUARDED_AVAILABILITY = YES_AGGRESSIVE;
				CLANG_WARN_UNREACHABLE_CODE = YES;
				CLANG_WARN__DUPLICATE_METHOD_MATCH = YES;
				CODE_SIGN_IDENTITY = "iPhone Developer";
				COPY_PHASE_STRIP = NO;
				DEBUG_INFORMATION_FORMAT = dwarf;
				ENABLE_STRICT_OBJC_MSGSEND = YES;
				ENABLE_TESTABILITY = YES;
				GCC_C_LANGUAGE_STANDARD = gnu11;
				GCC_DYNAMIC_NO_PIC = NO;
				GCC_NO_COMMON_BLOCKS = YES;
				GCC_OPTIMIZATION_LEVEL = 0;
				GCC_PREPROCESSOR_DEFINITIONS = (
					"DEBUG=1",
					"$(inherited)",
				);
				GCC_WARN_64_TO_32_BIT_CONVERSION = YES;
				GCC_WARN_ABOUT_RETURN_TYPE = YES_ERROR;
				GCC_WARN_UNDECLARED_SELECTOR = YES;
				GCC_WARN_UNINITIALIZED_AUTOS = YES_AGGRESSIVE;
				GCC_WARN_UNUSED_FUNCTION = YES;
				GCC_WARN_UNUSED_VARIABLE = YES;
				IPHONEOS_DEPLOYMENT_TARGET = 12.1;
				MTL_ENABLE_DEBUG_INFO = INCLUDE_SOURCE;
				MTL_FAST_MATH = YES;
				ONLY_ACTIVE_ARCH = YES;
				SDKROOT = iphoneos;
				SWIFT_ACTIVE_COMPILATION_CONDITIONS = DEBUG;
				SWIFT_OPTIMIZATION_LEVEL = "-Onone";
			};
			name = Debug;
		};
		6400583221B4312A009CF59E /* Release */ = {
			isa = XCBuildConfiguration;
			buildSettings = {
				ALWAYS_SEARCH_USER_PATHS = NO;
				CLANG_ANALYZER_NONNULL = YES;
				CLANG_ANALYZER_NUMBER_OBJECT_CONVERSION = YES_AGGRESSIVE;
				CLANG_CXX_LANGUAGE_STANDARD = "gnu++14";
				CLANG_CXX_LIBRARY = "libc++";
				CLANG_ENABLE_MODULES = YES;
				CLANG_ENABLE_OBJC_ARC = YES;
				CLANG_ENABLE_OBJC_WEAK = YES;
				CLANG_WARN_BLOCK_CAPTURE_AUTORELEASING = YES;
				CLANG_WARN_BOOL_CONVERSION = YES;
				CLANG_WARN_COMMA = YES;
				CLANG_WARN_CONSTANT_CONVERSION = YES;
				CLANG_WARN_DEPRECATED_OBJC_IMPLEMENTATIONS = YES;
				CLANG_WARN_DIRECT_OBJC_ISA_USAGE = YES_ERROR;
				CLANG_WARN_DOCUMENTATION_COMMENTS = YES;
				CLANG_WARN_EMPTY_BODY = YES;
				CLANG_WARN_ENUM_CONVERSION = YES;
				CLANG_WARN_INFINITE_RECURSION = YES;
				CLANG_WARN_INT_CONVERSION = YES;
				CLANG_WARN_NON_LITERAL_NULL_CONVERSION = YES;
				CLANG_WARN_OBJC_IMPLICIT_RETAIN_SELF = YES;
				CLANG_WARN_OBJC_LITERAL_CONVERSION = YES;
				CLANG_WARN_OBJC_ROOT_CLASS = YES_ERROR;
				CLANG_WARN_RANGE_LOOP_ANALYSIS = YES;
				CLANG_WARN_STRICT_PROTOTYPES = YES;
				CLANG_WARN_SUSPICIOUS_MOVE = YES;
				CLANG_WARN_UNGUARDED_AVAILABILITY = YES_AGGRESSIVE;
				CLANG_WARN_UNREACHABLE_CODE = YES;
				CLANG_WARN__DUPLICATE_METHOD_MATCH = YES;
				CODE_SIGN_IDENTITY = "iPhone Developer";
				COPY_PHASE_STRIP = NO;
				DEBUG_INFORMATION_FORMAT = "dwarf-with-dsym";
				ENABLE_NS_ASSERTIONS = NO;
				ENABLE_STRICT_OBJC_MSGSEND = YES;
				GCC_C_LANGUAGE_STANDARD = gnu11;
				GCC_NO_COMMON_BLOCKS = YES;
				GCC_WARN_64_TO_32_BIT_CONVERSION = YES;
				GCC_WARN_ABOUT_RETURN_TYPE = YES_ERROR;
				GCC_WARN_UNDECLARED_SELECTOR = YES;
				GCC_WARN_UNINITIALIZED_AUTOS = YES_AGGRESSIVE;
				GCC_WARN_UNUSED_FUNCTION = YES;
				GCC_WARN_UNUSED_VARIABLE = YES;
				IPHONEOS_DEPLOYMENT_TARGET = 12.1;
				MTL_ENABLE_DEBUG_INFO = NO;
				MTL_FAST_MATH = YES;
				SDKROOT = iphoneos;
				SWIFT_COMPILATION_MODE = wholemodule;
				SWIFT_OPTIMIZATION_LEVEL = "-O";
				VALIDATE_PRODUCT = YES;
			};
			name = Release;
		};
		6400583421B4312A009CF59E /* Debug */ = {
			isa = XCBuildConfiguration;
			baseConfigurationReference = 485469D5B7639B1339269B24 /* Pods-Notastic.debug.xcconfig */;
			buildSettings = {
				ASSETCATALOG_COMPILER_APPICON_NAME = AppIcon;
				CODE_SIGN_STYLE = Automatic;
				INFOPLIST_FILE = Notastic/Info.plist;
				LD_RUNPATH_SEARCH_PATHS = (
					"$(inherited)",
					"@executable_path/Frameworks",
				);
				PRODUCT_BUNDLE_IDENTIFIER = com.BrycePoole.Notastic;
				PRODUCT_NAME = "$(TARGET_NAME)";
				SWIFT_VERSION = 4.2;
				TARGETED_DEVICE_FAMILY = "1,2";
			};
			name = Debug;
		};
		6400583521B4312A009CF59E /* Release */ = {
			isa = XCBuildConfiguration;
			baseConfigurationReference = 2C7E1D4B375F40D363DA84FB /* Pods-Notastic.release.xcconfig */;
			buildSettings = {
				ASSETCATALOG_COMPILER_APPICON_NAME = AppIcon;
				CODE_SIGN_STYLE = Automatic;
				INFOPLIST_FILE = Notastic/Info.plist;
				LD_RUNPATH_SEARCH_PATHS = (
					"$(inherited)",
					"@executable_path/Frameworks",
				);
				PRODUCT_BUNDLE_IDENTIFIER = com.BrycePoole.Notastic;
				PRODUCT_NAME = "$(TARGET_NAME)";
				SWIFT_VERSION = 4.2;
				TARGETED_DEVICE_FAMILY = "1,2";
			};
			name = Release;
		};
/* End XCBuildConfiguration section */

/* Begin XCConfigurationList section */
		6400581921B43129009CF59E /* Build configuration list for PBXProject "Notastic" */ = {
			isa = XCConfigurationList;
			buildConfigurations = (
				6400583121B4312A009CF59E /* Debug */,
				6400583221B4312A009CF59E /* Release */,
			);
			defaultConfigurationIsVisible = 0;
			defaultConfigurationName = Release;
		};
		6400583321B4312A009CF59E /* Build configuration list for PBXNativeTarget "Notastic" */ = {
			isa = XCConfigurationList;
			buildConfigurations = (
				6400583421B4312A009CF59E /* Debug */,
				6400583521B4312A009CF59E /* Release */,
			);
			defaultConfigurationIsVisible = 0;
			defaultConfigurationName = Release;
		};
/* End XCConfigurationList section */

/* Begin XCVersionGroup section */
		6400582821B43129009CF59E /* Notastic.xcdatamodeld */ = {
			isa = XCVersionGroup;
			children = (
				6400582921B43129009CF59E /* Notastic.xcdatamodel */,
			);
			currentVersion = 6400582921B43129009CF59E /* Notastic.xcdatamodel */;
			path = Notastic.xcdatamodeld;
			sourceTree = "<group>";
			versionGroupType = wrapper.xcdatamodel;
		};
/* End XCVersionGroup section */
	};
	rootObject = 6400581621B43129009CF59E /* Project object */;
}
